
Microsoft Visual Studio Solution File, Format Version 11.00
# Visual C# Express 2010
Project("{FAE04EC0-301F-11D3-BF4B-00C04F79EFBC}") = "DRC125", "DRC125\DRC125.csproj", "{99E49999-A7C5-48B2-BD32-614FF455C77F}"
EndProject
Global
	GlobalSection(SolutionConfigurationPlatforms) = preSolution
		Debug|Any CPU = Debug|Any CPU
		Debug|x64 = Debug|x64
		Debug|x86 = Debug|x86
		Release|Any CPU = Release|Any CPU
		Release|x64 = Release|x64
		Release|x86 = Release|x86
	EndGlobalSection
	GlobalSection(ProjectConfigurationPlatforms) = postSolution
		{99E49999-A7C5-48B2-BD32-614FF455C77F}.Debug|Any CPU.ActiveCfg = Debug|Any CPU
		{99E49999-A7C5-48B2-BD32-614FF455C77F}.Debug|Any CPU.Build.0 = Debug|Any CPU
		{99E49999-A7C5-48B2-BD32-614FF455C77F}.Debug|x64.ActiveCfg = Debug|x64
		{99E49999-A7C5-48B2-BD32-614FF455C77F}.Debug|x64.Build.0 = Debug|x64
		{99E49999-A7C5-48B2-BD32-614FF455C77F}.Debug|x86.ActiveCfg = Debug|x86
		{99E49999-A7C5-48B2-BD32-614FF455C77F}.Debug|x86.Build.0 = Debug|x86
		{99E49999-A7C5-48B2-BD32-614FF455C77F}.Release|Any CPU.ActiveCfg = Release|Any CPU
		{99E49999-A7C5-48B2-BD32-614FF455C77F}.Release|Any CPU.Build.0 = Release|Any CPU
		{99E49999-A7C5-48B2-BD32-614FF455C77F}.Release|x64.ActiveCfg = Release|x64
		{99E49999-A7C5-48B2-BD32-614FF455C77F}.Release|x64.Build.0 = Release|x64
		{99E49999-A7C5-48B2-BD32-614FF455C77F}.Release|x86.ActiveCfg = Release|x86
		{99E49999-A7C5-48B2-BD32-614FF455C77F}.Release|x86.Build.0 = Release|x86
	EndGlobalSection
	GlobalSection(SolutionProperties) = preSolution
		HideSolutionNode = FALSE
	EndGlobalSection
EndGlobal
